{
  "name": "gcaltab",
  "version": "1.0.0",
  "lockfileVersion": 1,
  "requires": true,
  "dependencies": {
    "darkreader": {
      "version": "4.9.16",
      "resolved": "https://registry.npmjs.org/darkreader/-/darkreader-4.9.16.tgz",
      "integrity": "sha512-vzBJkDL/O4H7d6CamCaqm+XHVF6diaZ6RORBCVxPBUvETlyJf6ERQhw4kzpJQOlpZdkwAvQ9Yy3LvF7rQHpdZg=="
    },
    "spectre.css": {
      "version": "0.5.9",
      "resolved": "https://registry.npmjs.org/spectre.css/-/spectre.css-0.5.9.tgz",
      "integrity": "sha512-9jUqwZmCnvflrxFGcK+ize43TvjwDjqMwZPVubEtSIHzvinH0TBUESm1LcOJx3Ur7bdPaeOHQIjOqBl1Y5kLFw=="
    }
  }
}
